
Microsoft Visual Studio Solution File, Format Version 12.00
Project("{FAE04EC0-301F-11D3-BF4B-00C04F79EFBC}") = "TechXyz.GymXyz.WebApp", "TechXyz.GymXyz.WebApp\TechXyz.GymXyz.WebApp.csproj", "{6AF2AE7B-4EEF-47FC-BBB6-B3F319D5F69A}"
EndProject
Project("{FAE04EC0-301F-11D3-BF4B-00C04F79EFBC}") = "TechXyz.GymXyz.Domain", "TechXyz.GymXyz.Domain\TechXyz.GymXyz.Domain.csproj", "{AB47D3CD-517B-4EA9-9F35-2AFE1B75E35C}"
EndProject
Project("{FAE04EC0-301F-11D3-BF4B-00C04F79EFBC}") = "TechXyz.GymXyz.Persistence", "TechXyz.GymXyz.Persistence\TechXyz.GymXyz.Persistence.csproj", "{3DF0DCF1-B1A0-455C-9DC2-198623DDF806}"
EndProject
Project("{FAE04EC0-301F-11D3-BF4B-00C04F79EFBC}") = "TechXyz.GymXyz.Application", "TechXyz.GymXyz.Application\TechXyz.GymXyz.Application.csproj", "{97CB1E68-14BB-4922-AC71-A5E2ADBD82B8}"
EndProject
Project("{2150E333-8FDC-42A3-9474-1A3956D46DE8}") = "Solution Items", "Solution Items", "{A2A97138-B1F3-485D-A068-57EADD996ECC}"
	ProjectSection(SolutionItems) = preProject
		README.md = README.md
		IMPLEMENTATION_INSTRUCTIONS.md = IMPLEMENTATION_INSTRUCTIONS.md
	EndProjectSection
EndProject
Project("{2150E333-8FDC-42A3-9474-1A3956D46DE8}") = "Tests", "Tests", "{61FC31D0-A9F4-4A3E-B337-5A2C7510BC14}"
EndProject
Project("{FAE04EC0-301F-11D3-BF4B-00C04F79EFBC}") = "TechXYZ.GymXYZ.Application.Tests", "TechXYZ.GymXYZ.Application.Tests\TechXYZ.GymXYZ.Application.Tests.csproj", "{86EDB4A5-7920-4DFD-91C5-044F2CD53F85}"
EndProject
Project("{FAE04EC0-301F-11D3-BF4B-00C04F79EFBC}") = "TechXYZ.GymXYZ.Domain.Tests", "TechXYZ.GymXYZ.Domain.Tests\TechXYZ.GymXYZ.Domain.Tests.csproj", "{2354BD77-8D7C-471E-9A4A-883C754DBC00}"
EndProject
Project("{FAE04EC0-301F-11D3-BF4B-00C04F79EFBC}") = "TechXYZ.GymXYZ.Persistence.Tests", "TechXYZ.GymXYZ.Persistence.Tests\TechXYZ.GymXYZ.Persistence.Tests.csproj", "{23C33094-2F42-41DA-A7F6-274CDACA2F53}"
EndProject
Project("{FAE04EC0-301F-11D3-BF4B-00C04F79EFBC}") = "TechXYZ.GymXYZ.WebApp.Tests", "TechXYZ.GymXYZ.WebApp.Tests\TechXYZ.GymXYZ.WebApp.Tests.csproj", "{CE3ADD9B-B83B-4175-AC2B-BBE114979AE5}"
EndProject
Global
	GlobalSection(SolutionConfigurationPlatforms) = preSolution
		Debug|Any CPU = Debug|Any CPU
		Release|Any CPU = Release|Any CPU
	EndGlobalSection
	GlobalSection(ProjectConfigurationPlatforms) = postSolution
		{6AF2AE7B-4EEF-47FC-BBB6-B3F319D5F69A}.Debug|Any CPU.ActiveCfg = Debug|Any CPU
		{6AF2AE7B-4EEF-47FC-BBB6-B3F319D5F69A}.Debug|Any CPU.Build.0 = Debug|Any CPU
		{6AF2AE7B-4EEF-47FC-BBB6-B3F319D5F69A}.Release|Any CPU.ActiveCfg = Release|Any CPU
		{6AF2AE7B-4EEF-47FC-BBB6-B3F319D5F69A}.Release|Any CPU.Build.0 = Release|Any CPU
		{AB47D3CD-517B-4EA9-9F35-2AFE1B75E35C}.Debug|Any CPU.ActiveCfg = Debug|Any CPU
		{AB47D3CD-517B-4EA9-9F35-2AFE1B75E35C}.Debug|Any CPU.Build.0 = Debug|Any CPU
		{AB47D3CD-517B-4EA9-9F35-2AFE1B75E35C}.Release|Any CPU.ActiveCfg = Release|Any CPU
		{AB47D3CD-517B-4EA9-9F35-2AFE1B75E35C}.Release|Any CPU.Build.0 = Release|Any CPU
		{3DF0DCF1-B1A0-455C-9DC2-198623DDF806}.Debug|Any CPU.ActiveCfg = Debug|Any CPU
		{3DF0DCF1-B1A0-455C-9DC2-198623DDF806}.Debug|Any CPU.Build.0 = Debug|Any CPU
		{3DF0DCF1-B1A0-455C-9DC2-198623DDF806}.Release|Any CPU.ActiveCfg = Release|Any CPU
		{3DF0DCF1-B1A0-455C-9DC2-198623DDF806}.Release|Any CPU.Build.0 = Release|Any CPU
		{97CB1E68-14BB-4922-AC71-A5E2ADBD82B8}.Debug|Any CPU.ActiveCfg = Debug|Any CPU
		{97CB1E68-14BB-4922-AC71-A5E2ADBD82B8}.Debug|Any CPU.Build.0 = Debug|Any CPU
		{97CB1E68-14BB-4922-AC71-A5E2ADBD82B8}.Release|Any CPU.ActiveCfg = Release|Any CPU
		{97CB1E68-14BB-4922-AC71-A5E2ADBD82B8}.Release|Any CPU.Build.0 = Release|Any CPU
		{86EDB4A5-7920-4DFD-91C5-044F2CD53F85}.Debug|Any CPU.ActiveCfg = Debug|Any CPU
		{86EDB4A5-7920-4DFD-91C5-044F2CD53F85}.Debug|Any CPU.Build.0 = Debug|Any CPU
		{86EDB4A5-7920-4DFD-91C5-044F2CD53F85}.Release|Any CPU.ActiveCfg = Release|Any CPU
		{86EDB4A5-7920-4DFD-91C5-044F2CD53F85}.Release|Any CPU.Build.0 = Release|Any CPU
		{2354BD77-8D7C-471E-9A4A-883C754DBC00}.Debug|Any CPU.ActiveCfg = Debug|Any CPU
		{2354BD77-8D7C-471E-9A4A-883C754DBC00}.Debug|Any CPU.Build.0 = Debug|Any CPU
		{2354BD77-8D7C-471E-9A4A-883C754DBC00}.Release|Any CPU.ActiveCfg = Release|Any CPU
		{2354BD77-8D7C-471E-9A4A-883C754DBC00}.Release|Any CPU.Build.0 = Release|Any CPU
		{23C33094-2F42-41DA-A7F6-274CDACA2F53}.Debug|Any CPU.ActiveCfg = Debug|Any CPU
		{23C33094-2F42-41DA-A7F6-274CDACA2F53}.Debug|Any CPU.Build.0 = Debug|Any CPU
		{23C33094-2F42-41DA-A7F6-274CDACA2F53}.Release|Any CPU.ActiveCfg = Release|Any CPU
		{23C33094-2F42-41DA-A7F6-274CDACA2F53}.Release|Any CPU.Build.0 = Release|Any CPU
		{CE3ADD9B-B83B-4175-AC2B-BBE114979AE5}.Debug|Any CPU.ActiveCfg = Debug|Any CPU
		{CE3ADD9B-B83B-4175-AC2B-BBE114979AE5}.Debug|Any CPU.Build.0 = Debug|Any CPU
		{CE3ADD9B-B83B-4175-AC2B-BBE114979AE5}.Release|Any CPU.ActiveCfg = Release|Any CPU
		{CE3ADD9B-B83B-4175-AC2B-BBE114979AE5}.Release|Any CPU.Build.0 = Release|Any CPU
	EndGlobalSection
	GlobalSection(NestedProjects) = preSolution
		{86EDB4A5-7920-4DFD-91C5-044F2CD53F85} = {61FC31D0-A9F4-4A3E-B337-5A2C7510BC14}
		{2354BD77-8D7C-471E-9A4A-883C754DBC00} = {61FC31D0-A9F4-4A3E-B337-5A2C7510BC14}
		{23C33094-2F42-41DA-A7F6-274CDACA2F53} = {61FC31D0-A9F4-4A3E-B337-5A2C7510BC14}
		{CE3ADD9B-B83B-4175-AC2B-BBE114979AE5} = {61FC31D0-A9F4-4A3E-B337-5A2C7510BC14}
	EndGlobalSection
EndGlobal
